# THIS IS AN AUTOGENERATED FILE. DO NOT EDIT THIS FILE DIRECTLY.
# yarn lockfile v1


"@antv/adjust@^0.2.1":
  version "0.2.3"
  resolved "https://registry.npmjs.org/@antv/adjust/-/adjust-0.2.3.tgz#c3884a680c3264cc125d7f2ab5398e8a1c0b9401"
  integrity sha512-rihqcCdS7piQnK1nRlCvbIaj2QeaqghxINXiMpTJp+0c9cKlTUwL7/2r+gv9YN5R0P1WzSHTmK2Sn+bQCJDo0Q==
  dependencies:
    "@antv/util" "~2.0.0"
    tslib "^1.10.0"

"@antv/attr@^0.3.1":
  version "0.3.2"
  resolved "https://registry.npmjs.org/@antv/attr/-/attr-0.3.2.tgz#e5866b64870c62f3a9c25b8a61f654ba2bfda051"
  integrity sha512-31PfcVKeQdPBmr/QD+IC0NB/FbdtVKOXBCNMepFc5/dEs7jphmgG1V4tfAJmcXIHubCTHOjpscTrDIvoKSGvMQ==
  dependencies:
    "@antv/color-util" "^2.0.1"
    "@antv/util" "~2.0.0"
    tslib "^1.10.0"

"@antv/color-util@^2.0.1", "@antv/color-util@^2.0.2":
  version "2.0.6"
  resolved "https://registry.npmjs.org/@antv/color-util/-/color-util-2.0.6.tgz#5e129bb9ce3f2b9309b52102b3dc929430ccc016"
  integrity sha512-KnPEaAH+XNJMjax9U35W67nzPI+QQ2x27pYlzmSIWrbj4/k8PGrARXfzDTjwoozHJY8qG62Z+Ww6Alhu2FctXQ==
  dependencies:
    "@antv/util" "^2.0.9"
    tslib "^2.0.3"

"@antv/component@^0.8.7":
  version "0.8.10"
  resolved "https://registry.npmjs.org/@antv/component/-/component-0.8.10.tgz#ed9b9d75e4dd71cf8396d5efd3c323b680d13621"
  integrity sha512-oMRzL7ihRGYK51SYIXydfeJVWo5q779VlSFLzdcm8LLm0RVwJPphNVchdtnZKv2UK7twxb0DWTsaIH6uT3vWDw==
  dependencies:
    "@antv/dom-util" "~2.0.1"
    "@antv/g-base" "~0.5.0"
    "@antv/matrix-util" "^3.1.0-beta.1"
    "@antv/path-util" "~2.0.7"
    "@antv/scale" "~0.3.1"
    "@antv/util" "~2.0.0"
    fecha "~4.2.0"
    tslib "^2.0.3"

"@antv/coord@^0.3.0":
  version "0.3.1"
  resolved "https://registry.npmjs.org/@antv/coord/-/coord-0.3.1.tgz#982e261d8a1e06a198eb518ea7acc20ed875a019"
  integrity sha512-rFE94C8Xzbx4xmZnHh2AnlB3Qm1n5x0VT3OROy257IH6Rm4cuzv1+tZaUBATviwZd99S+rOY9telw/+6C9GbRw==
  dependencies:
    "@antv/matrix-util" "^3.1.0-beta.2"
    "@antv/util" "~2.0.12"
    tslib "^2.1.0"

"@antv/dom-util@^2.0.2", "@antv/dom-util@~2.0.1":
  version "2.0.3"
  resolved "https://registry.npmjs.org/@antv/dom-util/-/dom-util-2.0.3.tgz#cbd158b1c88e0e8a4d865871a5969b1190554ff5"
  integrity sha512-dUHsUT4U9X1T1/Y9bH3jRMe0MzvWJk2jSQm1vm3w9NX+Ra0ftq5VUBiGTNbthm3nFwG0fFFjip904rYjl50g4A==
  dependencies:
    tslib "^2.0.3"

"@antv/event-emitter@^0.1.1", "@antv/event-emitter@~0.1.0":
  version "0.1.2"
  resolved "https://registry.npmjs.org/@antv/event-emitter/-/event-emitter-0.1.2.tgz#a17b7cb86e6d071880dc6bfb232756f88624ecbc"
  integrity sha512-6C6NJOdoNVptCr5y9BVOhKkCgW7LFs/SpcRyAExUeSjAm0zJqcqNkSIRGsXYhj4PJI+CZICHzGwwiSnIsE68Ug==

"@antv/g-base@^0.5.0", "@antv/g-base@^0.5.3", "@antv/g-base@~0.5.0":
  version "0.5.6"
  resolved "https://registry.npmjs.org/@antv/g-base/-/g-base-0.5.6.tgz#d96da5fbf6c5f8b073072751e15e5eec70b393fc"
  integrity sha512-szxqFQ/xdCnfaeSEEC2kVjXdKxJnvKKJNT0MvaOG3UXOfsjPDLgb3IKLr+bU3sLvTAQfPhsbtYh7mWb03+mGjA==
  dependencies:
    "@antv/event-emitter" "^0.1.1"
    "@antv/g-math" "^0.1.6"
    "@antv/matrix-util" "^3.1.0-beta.1"
    "@antv/path-util" "~2.0.5"
    "@antv/util" "~2.0.0"
    "@types/d3-timer" "^2.0.0"
    d3-ease "^1.0.5"
    d3-interpolate "^1.3.2"
    d3-timer "^1.0.9"
    detect-browser "^5.1.0"
    tslib "^2.0.3"

"@antv/g-canvas@^0.5.0":
  version "0.5.7"
  resolved "https://registry.npmjs.org/@antv/g-canvas/-/g-canvas-0.5.7.tgz#a251eb7504aef520921beefc198fa04cdb785e7b"
  integrity sha512-Dw4XhDDFb5qNGcSkopnLMV5vypAc7RZZbXyFrRTLZhsAKWjOWOfpSM+ezaBY/5DA5ZORkSo3W26Y8NXt1Nh1jA==
  dependencies:
    "@antv/g-base" "^0.5.3"
    "@antv/g-math" "^0.1.6"
    "@antv/matrix-util" "^3.1.0-beta.1"
    "@antv/path-util" "~2.0.5"
    "@antv/util" "~2.0.0"
    gl-matrix "^3.0.0"
    tslib "^2.0.3"

"@antv/g-math@^0.1.6":
  version "0.1.7"
  resolved "https://registry.npmjs.org/@antv/g-math/-/g-math-0.1.7.tgz#6ec2769269f7ccb67e58140d5739df74046cc04e"
  integrity sha512-xGyXaloD1ynfp7gS4VuV+MjSptZIwHvLHr8ekXJSFAeWPYLu84yOW2wOZHDdp1bzDAIuRv6xDBW58YGHrWsFcA==
  dependencies:
    "@antv/util" "~2.0.0"
    gl-matrix "^3.0.0"

"@antv/g-svg@^0.5.0":
  version "0.5.6"
  resolved "https://registry.npmjs.org/@antv/g-svg/-/g-svg-0.5.6.tgz#70b2fa980c431b39ad3c5b4b53e36a1d60957d65"
  integrity sha512-Xve1EUGk4HMbl2nq4ozR4QLh6GyoZ8Xw/+9kHYI4B5P2lIUQU95MuRsaLFfW5NNpZDx85ZeH97tqEmC9L96E7A==
  dependencies:
    "@antv/g-base" "^0.5.3"
    "@antv/g-math" "^0.1.6"
    "@antv/util" "~2.0.0"
    detect-browser "^5.0.0"
    tslib "^2.0.3"

"@antv/g2@^4.1.13":
  version "4.1.13"
  resolved "https://registry.npmjs.org/@antv/g2/-/g2-4.1.13.tgz#cde18dcb52217aadc2eed572e7237efabb3d3767"
  integrity sha512-Jb7WO9tbbcS238P4M6/w02LVrWW+0yvWQIUNhq/bC4ebatFjpWT/9oHm8QYCUSbf3DGrCFAi8ZrRStcCDeY5Tg==
  dependencies:
    "@antv/adjust" "^0.2.1"
    "@antv/attr" "^0.3.1"
    "@antv/color-util" "^2.0.2"
    "@antv/component" "^0.8.7"
    "@antv/coord" "^0.3.0"
    "@antv/dom-util" "^2.0.2"
    "@antv/event-emitter" "~0.1.0"
    "@antv/g-base" "^0.5.0"
    "@antv/g-canvas" "^0.5.0"
    "@antv/g-svg" "^0.5.0"
    "@antv/matrix-util" "^3.1.0-beta.1"
    "@antv/path-util" "^2.0.3"
    "@antv/scale" "^0.3.7"
    "@antv/util" "~2.0.5"
    tslib "^2.0.0"

"@antv/matrix-util@^3.1.0-beta.1", "@antv/matrix-util@^3.1.0-beta.2":
  version "3.1.0-beta.2"
  resolved "https://registry.npmjs.org/@antv/matrix-util/-/matrix-util-3.1.0-beta.2.tgz#b4afafb70dbdf52affca308d3546c8a090fd23ca"
  integrity sha512-Efwp0ZHxVDK/8RUa/RRWN7HKFHJmjn7Oq5HaNBbCmsxd7JTla3Zsoq1AZrjWMDlq0lplo77urclwI+XIW8NEHw==
  dependencies:
    "@antv/util" "^2.0.9"
    gl-matrix "^3.3.0"
    tslib "^1.10.0"

"@antv/path-util@^2.0.3", "@antv/path-util@~2.0.5", "@antv/path-util@~2.0.7":
  version "2.0.9"
  resolved "https://registry.npmjs.org/@antv/path-util/-/path-util-2.0.9.tgz#976e4a3cfb6219767a602d297b205c88d66d7b2c"
  integrity sha512-kunEz4dNheQMVn4rVFsoBDx+n9Knfi3uRLvDk9SojZAqpninsjFhdoiYtbExwJGz1FYGtiV10Y6N1tp73kZFcg==
  dependencies:
    "@antv/util" "^2.0.9"
    tslib "^2.0.3"

"@antv/scale@^0.3.7", "@antv/scale@~0.3.1":
  version "0.3.9"
  resolved "https://registry.npmjs.org/@antv/scale/-/scale-0.3.9.tgz#c57cc7fd5e9e02b9608558301ab7934b18f8137d"
  integrity sha512-m56Rs4Zta7XnuF+aNbJXMsgBqATO1M4kvu+dEmhzLYsPK5D3dHpJTOGh/Zy55eirekb9F7jiu29SJqPNnhxq+g==
  dependencies:
    "@antv/util" "~2.0.3"
    fecha "~4.2.0"
    tslib "^2.0.0"

"@antv/util@^2.0.9", "@antv/util@~2.0.0", "@antv/util@~2.0.12", "@antv/util@~2.0.3", "@antv/util@~2.0.5":
  version "2.0.13"
  resolved "https://registry.npmjs.org/@antv/util/-/util-2.0.13.tgz#7c2e701d89527116ec17cf5a400413c5c6afcb4d"
  integrity sha512-mfYL7K8XJIeDmal33K+6abr8Yb526YXKg5XQlddNo+X1Doll+gun6HxnbdySoLv21vW4bLkcbVPjqxWl7ZJAFA==
  dependencies:
    tslib "^2.0.3"

"@types/d3-timer@^2.0.0":
  version "2.0.0"
  resolved "https://registry.npmjs.org/@types/d3-timer/-/d3-timer-2.0.0.tgz#9901bb02af38798764674df17d66b07329705632"
  integrity sha512-l6stHr1VD1BWlW6u3pxrjLtJfpPZq9I3XmKIQtq7zHM/s6fwEtI1Yn6Sr5/jQTrUDCC5jkS6gWqlFGCDArDqNg==

classnames@^2.2.6:
  version "2.2.6"
  resolved "https://registry.npmjs.org/classnames/-/classnames-2.2.6.tgz#43935bffdd291f326dad0a205309b38d00f650ce"
  integrity sha512-JR/iSQOSt+LQIWwrwEzJ9uk0xfN3mTVYMwt1Ir5mUcSN6pU+V4zQFFaJsclJbPuAUQH+yfWef6tm7l1quW3C8Q==

d3-color@1:
  version "1.4.1"
  resolved "https://registry.npmjs.org/d3-color/-/d3-color-1.4.1.tgz#c52002bf8846ada4424d55d97982fef26eb3bc8a"
  integrity sha512-p2sTHSLCJI2QKunbGb7ocOh7DgTAn8IrLx21QRc/BSnodXM4sv6aLQlnfpvehFMLZEfBc6g9pH9SWQccFYfJ9Q==

d3-ease@^1.0.5:
  version "1.0.7"
  resolved "https://registry.npmjs.org/d3-ease/-/d3-ease-1.0.7.tgz#9a834890ef8b8ae8c558b2fe55bd57f5993b85e2"
  integrity sha512-lx14ZPYkhNx0s/2HX5sLFUI3mbasHjSSpwO/KaaNACweVwxUruKyWVcb293wMv1RqTPZyZ8kSZ2NogUZNcLOFQ==

d3-interpolate@^1.3.2:
  version "1.4.0"
  resolved "https://registry.npmjs.org/d3-interpolate/-/d3-interpolate-1.4.0.tgz#526e79e2d80daa383f9e0c1c1c7dcc0f0583e987"
  integrity sha512-V9znK0zc3jOPV4VD2zZn0sDhZU3WAE2bmlxdIwwQPPzPjvyLkd8B3JUVdS1IDUFDkWZ72c9qnv1GK2ZagTZ8EA==
  dependencies:
    d3-color "1"

d3-timer@^1.0.9:
  version "1.0.10"
  resolved "https://registry.npmjs.org/d3-timer/-/d3-timer-1.0.10.tgz#dfe76b8a91748831b13b6d9c793ffbd508dd9de5"
  integrity sha512-B1JDm0XDaQC+uvo4DT79H0XmBskgS3l6Ve+1SBCfxgmtIb1AVrPIoqd+nPSv+loMX8szQ0sVUhGngL7D5QPiXw==

detect-browser@^5.0.0, detect-browser@^5.1.0:
  version "5.2.0"
  resolved "https://registry.npmjs.org/detect-browser/-/detect-browser-5.2.0.tgz#c9cd5afa96a6a19fda0bbe9e9be48a6b6e1e9c97"
  integrity sha512-tr7XntDAu50BVENgQfajMLzacmSe34D+qZc4zjnniz0ZVuw/TZcLcyxHQjYpJTM36sGEkZZlYLnIM1hH7alTMA==

fecha@~4.2.0:
  version "4.2.0"
  resolved "https://registry.npmjs.org/fecha/-/fecha-4.2.0.tgz#3ffb6395453e3f3efff850404f0a59b6747f5f41"
  integrity sha512-aN3pcx/DSmtyoovUudctc8+6Hl4T+hI9GBBHLjA76jdZl7+b1sgh5g4k+u/GL3dTy1/pnYzKp69FpJ0OicE3Wg==

gl-matrix@^3.0.0, gl-matrix@^3.3.0:
  version "3.3.0"
  resolved "https://registry.npmjs.org/gl-matrix/-/gl-matrix-3.3.0.tgz#232eef60b1c8b30a28cbbe75b2caf6c48fd6358b"
  integrity sha512-COb7LDz+SXaHtl/h4LeaFcNdJdAQSDeVqjiIihSXNrkWObZLhDI4hIkZC11Aeqp7bcE72clzB0BnDXr2SmslRA==

"js-tokens@^3.0.0 || ^4.0.0":
  version "4.0.0"
  resolved "https://registry.npmjs.org/js-tokens/-/js-tokens-4.0.0.tgz#19203fb59991df98e3a287050d4647cdeaf32499"
  integrity sha512-RdJUflcE3cUzKiMqQgsCu06FPu9UdIJO0beYbPhHN4k6apgJtifcoCtT9bcxOpYBtpD2kCM6Sbzg4CausW/PKQ==

loose-envify@^1.1.0:
  version "1.4.0"
  resolved "https://registry.npmjs.org/loose-envify/-/loose-envify-1.4.0.tgz#71ee51fa7be4caec1a63839f7e682d8132d30caf"
  integrity sha512-lyuxPGr/Wfhrlem2CL/UcnUc1zcqKAImBDzukY7Y5F/yQiNdko6+fRLevlw1HgMySw7f611UIY408EtxRSoK3Q==
  dependencies:
    js-tokens "^3.0.0 || ^4.0.0"

moment@^2.29.1:
  version "2.29.1"
  resolved "https://registry.npmjs.org/moment/-/moment-2.29.1.tgz#b2be769fa31940be9eeea6469c075e35006fa3d3"
  integrity sha512-kHmoybcPV8Sqy59DwNDY3Jefr64lK/by/da0ViFcuA4DH0vQg5Q6Ze5VimxkfQNSC+Mls/Kx53s7TjP1RhFEDQ==

object-assign@^4.1.1:
  version "4.1.1"
  resolved "https://registry.npmjs.org/object-assign/-/object-assign-4.1.1.tgz#2109adc7965887cfc05cbbd442cac8bfbb360863"
  integrity sha1-IQmtx5ZYh8/AXLvUQsrIv7s2CGM=

react@^17.0.1:
  version "17.0.1"
  resolved "https://registry.npmjs.org/react/-/react-17.0.1.tgz#6e0600416bd57574e3f86d92edba3d9008726127"
  integrity sha512-lG9c9UuMHdcAexXtigOZLX8exLWkW0Ku29qPRU8uhF2R9BN96dLCt0psvzPLlHc5OWkgymP3qwTRgbnw5BKx3w==
  dependencies:
    loose-envify "^1.1.0"
    object-assign "^4.1.1"

tslib@^1.10.0:
  version "1.14.1"
  resolved "https://registry.npmjs.org/tslib/-/tslib-1.14.1.tgz#cf2d38bdc34a134bcaf1091c41f6619e2f672d00"
  integrity sha512-Xni35NKzjgMrwevysHTCArtLDpPvye8zV/0E4EyYn43P7/7qvQwPh9BGkHewbMulVntbigmcT7rdX3BNo9wRJg==

tslib@^2.0.0, tslib@^2.0.3, tslib@^2.1.0:
  version "2.1.0"
  resolved "https://registry.npmjs.org/tslib/-/tslib-2.1.0.tgz#da60860f1c2ecaa5703ab7d39bc05b6bf988b97a"
  integrity sha512-hcVC3wYEziELGGmEEXue7D75zbwIIVUMWAVbHItGPx0ziyXxrOMQx4rQEVEV45Ut/1IotuEvwqPopzIOkDMf0A==

uuid@^8.3.2:
  version "8.3.2"
  resolved "https://registry.npmjs.org/uuid/-/uuid-8.3.2.tgz#80d5b5ced271bb9af6c445f21a1a04c606cefbe2"
  integrity sha512-+NYs2QeMWy+GWFOEm9xnn6HCDp0l7QBD7ml8zLUmJ+93Q5NF0NocErnwkTkXVFNiX3/fpC6afS8Dhb/gz7R7eg==
